// !$*UTF8*$!
{
	archiveVersion = 1;
	classes = {
	};
	objectVersion = 56;
	objects = {

/* Begin PBXBuildFile section */
		CAC631472FE45B5F00F161DF /* Constants.swift in Sources */ = {isa = PBXBuildFile; fileRef = CAC631462FE45B5F00F161DF /* Constants.swift */; };
		CAC631492FE45C2C00F161DF /* WeatherNetworkManager.swift in Sources */ = {isa = PBXBuildFile; fileRef = CAC631482FE45C2C00F161DF /* WeatherNetworkManager.swift */; };
		CAC759E02FE327C9002C9066 /* WeatherlyApp.swift in Sources */ = {isa = PBXBuildFile; fileRef = CAC759DF2FE327C9002C9066 /* WeatherlyApp.swift */; };
		CAC759E22FE327C9002C9066 /* ContentView.swift in Sources */ = {isa = PBXBuildFile; fileRef = CAC759E12FE327C9002C9066 /* ContentView.swift */; };
		CAC759E42FE327CB002C9066 /* Assets.xcassets in Resources */ = {isa = PBXBuildFile; fileRef = CAC759E32FE327CB002C9066 /* Assets.xcassets */; };
		CAC759E72FE327CB002C9066 /* Preview Assets.xcassets in Resources */ = {isa = PBXBuildFile; fileRef = CAC759E62FE327CB002C9066 /* Preview Assets.xcassets */; };
		CAC759F72FE35D22002C9066 /* WeatherModel.swift in Sources */ = {isa = PBXBuildFile; fileRef = CAC759F62FE35D22002C9066 /* WeatherModel.swift */; };
/* End PBXBuildFile section */

/* Begin PBXFileReference section */
		CAC631462FE45B5F00F161DF /* Constants.swift */ = {isa = PBXFileReference; lastKnownFileType = sourcecode.swift; path = Constants.swift; sourceTree = "<group>"; };
		CAC631482FE45C2C00F161DF /* WeatherNetworkManager.swift */ = {isa = PBXFileReference; lastKnownFileType = sourcecode.swift; path = WeatherNetworkManager.swift; sourceTree = "<group>"; };
		CAC759DC2FE327C9002C9066 /* Weatherly.app */ = {isa = PBXFileReference; explicitFileType = wrapper.application; includeInIndex = 0; path = Weatherly.app; sourceTree = BUILT_PRODUCTS_DIR; };
		CAC759DF2FE327C9002C9066 /* WeatherlyApp.swift */ = {isa = PBXFileReference; lastKnownFileType = sourcecode.swift; path = WeatherlyApp.swift; sourceTree = "<group>"; };
		CAC759E12FE327C9002C9066 /* ContentView.swift */ = {isa = PBXFileReference; lastKnownFileType = sourcecode.swift; path = ContentView.swift; sourceTree = "<group>"; };
		CAC759E32FE327CB002C9066 /* Assets.xcassets */ = {isa = PBXFileReference; lastKnownFileType = folder.assetcatalog; path = Assets.xcassets; sourceTree = "<group>"; };
		CAC759E62FE327CB002C9066 /* Preview Assets.xcassets */ = {isa = PBXFileReference; lastKnownFileType = folder.assetcatalog; path = "Preview Assets.xcassets"; sourceTree = "<group>"; };
		CAC759F62FE35D22002C9066 /* WeatherModel.swift */ = {isa = PBXFileReference; lastKnownFileType = sourcecode.swift; path = WeatherModel.swift; sourceTree = "<group>"; };
/* End PBXFileReference section */

/* Begin PBXFrameworksBuildPhase section */
		CAC759D92FE327C9002C9066 /* Frameworks */ = {
			isa = PBXFrameworksBuildPhase;
			buildActionMask = 2147483647;
			files = (
			);
			runOnlyForDeploymentPostprocessing = 0;
		};
/* End PBXFrameworksBuildPhase section */

/* Begin PBXGroup section */
		CAC631452FE45B3700F161DF /* Constants */ = {
			isa = PBXGroup;
			children = (
				CAC631462FE45B5F00F161DF /* Constants.swift */,
			);
			path = Constants;
			sourceTree = "<group>";
		};
		CAC759D32FE327C9002C9066 = {
			isa = PBXGroup;
			children = (
				CAC759DE2FE327C9002C9066 /* Weatherly */,
				CAC759DD2FE327C9002C9066 /* Products */,
			);
			sourceTree = "<group>";
		};
		CAC759DD2FE327C9002C9066 /* Products */ = {
			isa = PBXGroup;
			children = (
				CAC759DC2FE327C9002C9066 /* Weatherly.app */,
			);
			name = Products;
			sourceTree = "<group>";
		};
		CAC759DE2FE327C9002C9066 /* Weatherly */ = {
			isa = PBXGroup;
			children = (
				CAC759F42FE34CB2002C9066 /* App */,
				CAC759F32FE34B8C002C9066 /* Utils */,
				CAC759EF2FE34AE4002C9066 /* Data */,
				CAC759EE2FE34AA1002C9066 /* Domain */,
				CAC759ED2FE34A89002C9066 /* Presentation */,
				CAC759E12FE327C9002C9066 /* ContentView.swift */,
				CAC759E32FE327CB002C9066 /* Assets.xcassets */,
				CAC759E52FE327CB002C9066 /* Preview Content */,
			);
			path = Weatherly;
			sourceTree = "<group>";
		};
		CAC759E52FE327CB002C9066 /* Preview Content */ = {
			isa = PBXGroup;
			children = (
				CAC759E62FE327CB002C9066 /* Preview Assets.xcassets */,
			);
			path = "Preview Content";
			sourceTree = "<group>";
		};
		CAC759ED2FE34A89002C9066 /* Presentation */ = {
			isa = PBXGroup;
			children = (
			);
			path = Presentation;
			sourceTree = "<group>";
		};
		CAC759EE2FE34AA1002C9066 /* Domain */ = {
			isa = PBXGroup;
			children = (
				CAC759F52FE35D0A002C9066 /* Entities */,
			);
			path = Domain;
			sourceTree = "<group>";
		};
		CAC759EF2FE34AE4002C9066 /* Data */ = {
			isa = PBXGroup;
			children = (
				CAC759F22FE34B08002C9066 /* Repository */,
				CAC759F12FE34B00002C9066 /* Local */,
				CAC759F02FE34AF7002C9066 /* Network */,
			);
			path = Data;
			sourceTree = "<group>";
		};
		CAC759F02FE34AF7002C9066 /* Network */ = {
			isa = PBXGroup;
			children = (
				CAC631482FE45C2C00F161DF /* WeatherNetworkManager.swift */,
			);
			path = Network;
			sourceTree = "<group>";
		};
		CAC759F12FE34B00002C9066 /* Local */ = {
			isa = PBXGroup;
			children = (
			);
			path = Local;
			sourceTree = "<group>";
		};
		CAC759F22FE34B08002C9066 /* Repository */ = {
			isa = PBXGroup;
			children = (
			);
			path = Repository;
			sourceTree = "<group>";
		};
		CAC759F32FE34B8C002C9066 /* Utils */ = {
			isa = PBXGroup;
			children = (
				CAC631452FE45B3700F161DF /* Constants */,
			);
			path = Utils;
			sourceTree = "<group>";
		};
		CAC759F42FE34CB2002C9066 /* App */ = {
			isa = PBXGroup;
			children = (
				CAC759DF2FE327C9002C9066 /* WeatherlyApp.swift */,
			);
			path = App;
			sourceTree = "<group>";
		};
		CAC759F52FE35D0A002C9066 /* Entities */ = {
			isa = PBXGroup;
			children = (
				CAC759F62FE35D22002C9066 /* WeatherModel.swift */,
			);
			path = Entities;
			sourceTree = "<group>";
		};
/* End PBXGroup section */

/* Begin PBXNativeTarget section */
		CAC759DB2FE327C9002C9066 /* Weatherly */ = {
			isa = PBXNativeTarget;
			buildConfigurationList = CAC759EA2FE327CB002C9066 /* Build configuration list for PBXNativeTarget "Weatherly" */;
			buildPhases = (
				CAC759D82FE327C9002C9066 /* Sources */,
				CAC759D92FE327C9002C9066 /* Frameworks */,
				CAC759DA2FE327C9002C9066 /* Resources */,
			);
			buildRules = (
			);
			dependencies = (
			);
			name = Weatherly;
			productName = Weatherly;
			productReference = CAC759DC2FE327C9002C9066 /* Weatherly.app */;
			productType = "com.apple.product-type.application";
		};
/* End PBXNativeTarget section */

/* Begin PBXProject section */
		CAC759D42FE327C9002C9066 /* Project object */ = {
			isa = PBXProject;
			attributes = {
				BuildIndependentTargetsInParallel = 1;
				LastSwiftUpdateCheck = 1520;
				LastUpgradeCheck = 1520;
				TargetAttributes = {
					CAC759DB2FE327C9002C9066 = {
						CreatedOnToolsVersion = 15.2;
					};
				};
			};
			buildConfigurationList = CAC759D72FE327C9002C9066 /* Build configuration list for PBXProject "Weatherly" */;
			compatibilityVersion = "Xcode 14.0";
			developmentRegion = en;
			hasScannedForEncodings = 0;
			knownRegions = (
				en,
				Base,
			);
			mainGroup = CAC759D32FE327C9002C9066;
			productRefGroup = CAC759DD2FE327C9002C9066 /* Products */;
			projectDirPath = "";
			projectRoot = "";
			targets = (
				CAC759DB2FE327C9002C9066 /* Weatherly */,
			);
		};
/* End PBXProject section */

/* Begin PBXResourcesBuildPhase section */
		CAC759DA2FE327C9002C9066 /* Resources */ = {
			isa = PBXResourcesBuildPhase;
			buildActionMask = 2147483647;
			files = (
				CAC759E72FE327CB002C9066 /* Preview Assets.xcassets in Resources */,
				CAC759E42FE327CB002C9066 /* Assets.xcassets in Resources */,
			);
			runOnlyForDeploymentPostprocessing = 0;
		};
/* End PBXResourcesBuildPhase section */

/* Begin PBXSourcesBuildPhase section */
		CAC759D82FE327C9002C9066 /* Sources */ = {
			isa = PBXSourcesBuildPhase;
			buildActionMask = 2147483647;
			files = (
				CAC759E22FE327C9002C9066 /* ContentView.swift in Sources */,
				CAC759F72FE35D22002C9066 /* WeatherModel.swift in Sources */,
				CAC759E02FE327C9002C9066 /* WeatherlyApp.swift in Sources */,
				CAC631472FE45B5F00F161DF /* Constants.swift in Sources */,
				CAC631492FE45C2C00F161DF /* WeatherNetworkManager.swift in Sources */,
			);
			runOnlyForDeploymentPostprocessing = 0;
		};
/* End PBXSourcesBuildPhase section */

/* Begin XCBuildConfiguration section */
		CAC759E82FE327CB002C9066 /* Debug */ = {
			isa = XCBuildConfiguration;
			buildSettings = {
				ALWAYS_SEARCH_USER_PATHS = NO;
				ASSETCATALOG_COMPILER_GENERATE_SWIFT_ASSET_SYMBOL_EXTENSIONS = YES;
				CLANG_ANALYZER_NONNULL = YES;
				CLANG_ANALYZER_NUMBER_OBJECT_CONVERSION = YES_AGGRESSIVE;
				CLANG_CXX_LANGUAGE_STANDARD = "gnu++20";
				CLANG_ENABLE_MODULES = YES;
				CLANG_ENABLE_OBJC_ARC = YES;
				CLANG_ENABLE_OBJC_WEAK = YES;
				CLANG_WARN_BLOCK_CAPTURE_AUTORELEASING = YES;
				CLANG_WARN_BOOL_CONVERSION = YES;
				CLANG_WARN_COMMA = YES;
				CLANG_WARN_CONSTANT_CONVERSION = YES;
				CLANG_WARN_DEPRECATED_OBJC_IMPLEMENTATIONS = YES;
				CLANG_WARN_DIRECT_OBJC_ISA_USAGE = YES_ERROR;
				CLANG_WARN_DOCUMENTATION_COMMENTS = YES;
				CLANG_WARN_EMPTY_BODY = YES;
				CLANG_WARN_ENUM_CONVERSION = YES;
				CLANG_WARN_INFINITE_RECURSION = YES;
				CLANG_WARN_INT_CONVERSION = YES;
				CLANG_WARN_NON_LITERAL_NULL_CONVERSION = YES;
				CLANG_WARN_OBJC_IMPLICIT_RETAIN_SELF = YES;
				CLANG_WARN_OBJC_LITERAL_CONVERSION = YES;
				CLANG_WARN_OBJC_ROOT_CLASS = YES_ERROR;
				CLANG_WARN_QUOTED_INCLUDE_IN_FRAMEWORK_HEADER = YES;
				CLANG_WARN_RANGE_LOOP_ANALYSIS = YES;
				CLANG_WARN_STRICT_PROTOTYPES = YES;
				CLANG_WARN_SUSPICIOUS_MOVE = YES;
				CLANG_WARN_UNGUARDED_AVAILABILITY = YES_AGGRESSIVE;
				CLANG_WARN_UNREACHABLE_CODE = YES;
				CLANG_WARN__DUPLICATE_METHOD_MATCH = YES;
				COPY_PHASE_STRIP = NO;
				DEBUG_INFORMATION_FORMAT = dwarf;
				ENABLE_STRICT_OBJC_MSGSEND = YES;
				ENABLE_TESTABILITY = YES;
				ENABLE_USER_SCRIPT_SANDBOXING = YES;
				GCC_C_LANGUAGE_STANDARD = gnu17;
				GCC_DYNAMIC_NO_PIC = NO;
				GCC_NO_COMMON_BLOCKS = YES;
				GCC_OPTIMIZATION_LEVEL = 0;
				GCC_PREPROCESSOR_DEFINITIONS = (
					"DEBUG=1",
					"$(inherited)",
				);
				GCC_WARN_64_TO_32_BIT_CONVERSION = YES;
				GCC_WARN_ABOUT_RETURN_TYPE = YES_ERROR;
				GCC_WARN_UNDECLARED_SELECTOR = YES;
				GCC_WARN_UNINITIALIZED_AUTOS = YES_AGGRESSIVE;
				GCC_WARN_UNUSED_FUNCTION = YES;
				GCC_WARN_UNUSED_VARIABLE = YES;
				IPHONEOS_DEPLOYMENT_TARGET = 17.2;
				LOCALIZATION_PREFERS_STRING_CATALOGS = YES;
				MTL_ENABLE_DEBUG_INFO = INCLUDE_SOURCE;
				MTL_FAST_MATH = YES;
				ONLY_ACTIVE_ARCH = YES;
				SDKROOT = iphoneos;
				SWIFT_ACTIVE_COMPILATION_CONDITIONS = "DEBUG $(inherited)";
				SWIFT_OPTIMIZATION_LEVEL = "-Onone";
			};
			name = Debug;
		};
		CAC759E92FE327CB002C9066 /* Release */ = {
			isa = XCBuildConfiguration;
			buildSettings = {
				ALWAYS_SEARCH_USER_PATHS = NO;
				ASSETCATALOG_COMPILER_GENERATE_SWIFT_ASSET_SYMBOL_EXTENSIONS = YES;
				CLANG_ANALYZER_NONNULL = YES;
				CLANG_ANALYZER_NUMBER_OBJECT_CONVERSION = YES_AGGRESSIVE;
				CLANG_CXX_LANGUAGE_STANDARD = "gnu++20";
				CLANG_ENABLE_MODULES = YES;
				CLANG_ENABLE_OBJC_ARC = YES;
				CLANG_ENABLE_OBJC_WEAK = YES;
				CLANG_WARN_BLOCK_CAPTURE_AUTORELEASING = YES;
				CLANG_WARN_BOOL_CONVERSION = YES;
				CLANG_WARN_COMMA = YES;
				CLANG_WARN_CONSTANT_CONVERSION = YES;
				CLANG_WARN_DEPRECATED_OBJC_IMPLEMENTATIONS = YES;
				CLANG_WARN_DIRECT_OBJC_ISA_USAGE = YES_ERROR;
				CLANG_WARN_DOCUMENTATION_COMMENTS = YES;
				CLANG_WARN_EMPTY_BODY = YES;
				CLANG_WARN_ENUM_CONVERSION = YES;
				CLANG_WARN_INFINITE_RECURSION = YES;
				CLANG_WARN_INT_CONVERSION = YES;
				CLANG_WARN_NON_LITERAL_NULL_CONVERSION = YES;
				CLANG_WARN_OBJC_IMPLICIT_RETAIN_SELF = YES;
				CLANG_WARN_OBJC_LITERAL_CONVERSION = YES;
				CLANG_WARN_OBJC_ROOT_CLASS = YES_ERROR;
				CLANG_WARN_QUOTED_INCLUDE_IN_FRAMEWORK_HEADER = YES;
				CLANG_WARN_RANGE_LOOP_ANALYSIS = YES;
				CLANG_WARN_STRICT_PROTOTYPES = YES;
				CLANG_WARN_SUSPICIOUS_MOVE = YES;
				CLANG_WARN_UNGUARDED_AVAILABILITY = YES_AGGRESSIVE;
				CLANG_WARN_UNREACHABLE_CODE = YES;
				CLANG_WARN__DUPLICATE_METHOD_MATCH = YES;
				COPY_PHASE_STRIP = NO;
				DEBUG_INFORMATION_FORMAT = "dwarf-with-dsym";
				ENABLE_NS_ASSERTIONS = NO;
				ENABLE_STRICT_OBJC_MSGSEND = YES;
				ENABLE_USER_SCRIPT_SANDBOXING = YES;
				GCC_C_LANGUAGE_STANDARD = gnu17;
				GCC_NO_COMMON_BLOCKS = YES;
				GCC_WARN_64_TO_32_BIT_CONVERSION = YES;
				GCC_WARN_ABOUT_RETURN_TYPE = YES_ERROR;
				GCC_WARN_UNDECLARED_SELECTOR = YES;
				GCC_WARN_UNINITIALIZED_AUTOS = YES_AGGRESSIVE;
				GCC_WARN_UNUSED_FUNCTION = YES;
				GCC_WARN_UNUSED_VARIABLE = YES;
				IPHONEOS_DEPLOYMENT_TARGET = 17.2;
				LOCALIZATION_PREFERS_STRING_CATALOGS = YES;
				MTL_ENABLE_DEBUG_INFO = NO;
				MTL_FAST_MATH = YES;
				SDKROOT = iphoneos;
				SWIFT_COMPILATION_MODE = wholemodule;
				VALIDATE_PRODUCT = YES;
			};
			name = Release;
		};
		CAC759EB2FE327CB002C9066 /* Debug */ = {
			isa = XCBuildConfiguration;
			buildSettings = {
				ASSETCATALOG_COMPILER_APPICON_NAME = AppIcon;
				ASSETCATALOG_COMPILER_GLOBAL_ACCENT_COLOR_NAME = AccentColor;
				CODE_SIGN_STYLE = Automatic;
				CURRENT_PROJECT_VERSION = 1;
				DEVELOPMENT_ASSET_PATHS = "\"Weatherly/Preview Content\"";
				ENABLE_PREVIEWS = YES;
				GENERATE_INFOPLIST_FILE = YES;
				INFOPLIST_KEY_UIApplicationSceneManifest_Generation = YES;
				INFOPLIST_KEY_UIApplicationSupportsIndirectInputEvents = YES;
				INFOPLIST_KEY_UILaunchScreen_Generation = YES;
				INFOPLIST_KEY_UISupportedInterfaceOrientations_iPad = "UIInterfaceOrientationPortrait UIInterfaceOrientationPortraitUpsideDown UIInterfaceOrientationLandscapeLeft UIInterfaceOrientationLandscapeRight";
				INFOPLIST_KEY_UISupportedInterfaceOrientations_iPhone = "UIInterfaceOrientationPortrait UIInterfaceOrientationLandscapeLeft UIInterfaceOrientationLandscapeRight";
				LD_RUNPATH_SEARCH_PATHS = (
					"$(inherited)",
					"@executable_path/Frameworks",
				);
				MARKETING_VERSION = 1.0;
				PRODUCT_BUNDLE_IDENTIFIER = com.ITI.Weatherly;
				PRODUCT_NAME = "$(TARGET_NAME)";
				SWIFT_EMIT_LOC_STRINGS = YES;
				SWIFT_VERSION = 5.0;
				TARGETED_DEVICE_FAMILY = "1,2";
			};
			name = Debug;
		};
		CAC759EC2FE327CB002C9066 /* Release */ = {
			isa = XCBuildConfiguration;
			buildSettings = {
				ASSETCATALOG_COMPILER_APPICON_NAME = AppIcon;
				ASSETCATALOG_COMPILER_GLOBAL_ACCENT_COLOR_NAME = AccentColor;
				CODE_SIGN_STYLE = Automatic;
				CURRENT_PROJECT_VERSION = 1;
				DEVELOPMENT_ASSET_PATHS = "\"Weatherly/Preview Content\"";
				ENABLE_PREVIEWS = YES;
				GENERATE_INFOPLIST_FILE = YES;
				INFOPLIST_KEY_UIApplicationSceneManifest_Generation = YES;
				INFOPLIST_KEY_UIApplicationSupportsIndirectInputEvents = YES;
				INFOPLIST_KEY_UILaunchScreen_Generation = YES;
				INFOPLIST_KEY_UISupportedInterfaceOrientations_iPad = "UIInterfaceOrientationPortrait UIInterfaceOrientationPortraitUpsideDown UIInterfaceOrientationLandscapeLeft UIInterfaceOrientationLandscapeRight";
				INFOPLIST_KEY_UISupportedInterfaceOrientations_iPhone = "UIInterfaceOrientationPortrait UIInterfaceOrientationLandscapeLeft UIInterfaceOrientationLandscapeRight";
				LD_RUNPATH_SEARCH_PATHS = (
					"$(inherited)",
					"@executable_path/Frameworks",
				);
				MARKETING_VERSION = 1.0;
				PRODUCT_BUNDLE_IDENTIFIER = com.ITI.Weatherly;
				PRODUCT_NAME = "$(TARGET_NAME)";
				SWIFT_EMIT_LOC_STRINGS = YES;
				SWIFT_VERSION = 5.0;
				TARGETED_DEVICE_FAMILY = "1,2";
			};
			name = Release;
		};
/* End XCBuildConfiguration section */

/* Begin XCConfigurationList section */
		CAC759D72FE327C9002C9066 /* Build configuration list for PBXProject "Weatherly" */ = {
			isa = XCConfigurationList;
			buildConfigurations = (
				CAC759E82FE327CB002C9066 /* Debug */,
				CAC759E92FE327CB002C9066 /* Release */,
			);
			defaultConfigurationIsVisible = 0;
			defaultConfigurationName = Release;
		};
		CAC759EA2FE327CB002C9066 /* Build configuration list for PBXNativeTarget "Weatherly" */ = {
			isa = XCConfigurationList;
			buildConfigurations = (
				CAC759EB2FE327CB002C9066 /* Debug */,
				CAC759EC2FE327CB002C9066 /* Release */,
			);
			defaultConfigurationIsVisible = 0;
			defaultConfigurationName = Release;
		};
/* End XCConfigurationList section */
	};
	rootObject = CAC759D42FE327C9002C9066 /* Project object */;
}
